
Microsoft Visual Studio Solution File, Format Version 12.00
# Visual Studio Version 16
VisualStudioVersion = 16.0.31729.503
MinimumVisualStudioVersion = 10.0.40219.1
Project("{FAE04EC0-301F-11D3-BF4B-00C04F79EFBC}") = "UnitTest_Mock2", "UnitTest_Mock2\UnitTest_Mock2.csproj", "{F6B01171-9BF4-461B-A48E-4A465445516F}"
EndProject
Project("{FAE04EC0-301F-11D3-BF4B-00C04F79EFBC}") = "UnitTesting", "UnitTesting\UnitTesting.csproj", "{9C5FE09C-7901-4002-B89E-52492CCED802}"
EndProject
Global
	GlobalSection(SolutionConfigurationPlatforms) = preSolution
		Debug|Any CPU = Debug|Any CPU
		Release|Any CPU = Release|Any CPU
	EndGlobalSection
	GlobalSection(ProjectConfigurationPlatforms) = postSolution
		{F6B01171-9BF4-461B-A48E-4A465445516F}.Debug|Any CPU.ActiveCfg = Debug|Any CPU
		{F6B01171-9BF4-461B-A48E-4A465445516F}.Debug|Any CPU.Build.0 = Debug|Any CPU
		{F6B01171-9BF4-461B-A48E-4A465445516F}.Release|Any CPU.ActiveCfg = Release|Any CPU
		{F6B01171-9BF4-461B-A48E-4A465445516F}.Release|Any CPU.Build.0 = Release|Any CPU
		{9C5FE09C-7901-4002-B89E-52492CCED802}.Debug|Any CPU.ActiveCfg = Debug|Any CPU
		{9C5FE09C-7901-4002-B89E-52492CCED802}.Debug|Any CPU.Build.0 = Debug|Any CPU
		{9C5FE09C-7901-4002-B89E-52492CCED802}.Release|Any CPU.ActiveCfg = Release|Any CPU
		{9C5FE09C-7901-4002-B89E-52492CCED802}.Release|Any CPU.Build.0 = Release|Any CPU
	EndGlobalSection
	GlobalSection(SolutionProperties) = preSolution
		HideSolutionNode = FALSE
	EndGlobalSection
	GlobalSection(ExtensibilityGlobals) = postSolution
		SolutionGuid = {322A1057-1052-4BFA-9E8D-80951B130558}
	EndGlobalSection
EndGlobal
