
Microsoft Visual Studio Solution File, Format Version 12.00
# Visual Studio Version 16
VisualStudioVersion = 16.0.31729.503
MinimumVisualStudioVersion = 10.0.40219.1
Project("{9A19103F-16F7-4668-BE54-9A1E7A4F7556}") = "Kanto_WEBAPI", "Kanto_WEBAPI\Kanto_WEBAPI.csproj", "{CA2C8F3B-2AFE-4DBE-A062-E78472ADB206}"
EndProject
Global
	GlobalSection(SolutionConfigurationPlatforms) = preSolution
		Debug|Any CPU = Debug|Any CPU
		Release|Any CPU = Release|Any CPU
	EndGlobalSection
	GlobalSection(ProjectConfigurationPlatforms) = postSolution
		{CA2C8F3B-2AFE-4DBE-A062-E78472ADB206}.Debug|Any CPU.ActiveCfg = Debug|Any CPU
		{CA2C8F3B-2AFE-4DBE-A062-E78472ADB206}.Debug|Any CPU.Build.0 = Debug|Any CPU
		{CA2C8F3B-2AFE-4DBE-A062-E78472ADB206}.Release|Any CPU.ActiveCfg = Release|Any CPU
		{CA2C8F3B-2AFE-4DBE-A062-E78472ADB206}.Release|Any CPU.Build.0 = Release|Any CPU
	EndGlobalSection
	GlobalSection(SolutionProperties) = preSolution
		HideSolutionNode = FALSE
	EndGlobalSection
	GlobalSection(ExtensibilityGlobals) = postSolution
		SolutionGuid = {DC6989A6-9E66-484C-B243-BCF5BAEE8237}
	EndGlobalSection
EndGlobal
