
Microsoft Visual Studio Solution File, Format Version 12.00
# Visual Studio Version 16
VisualStudioVersion = 16.0.31729.503
MinimumVisualStudioVersion = 10.0.40219.1
Project("{FAE04EC0-301F-11D3-BF4B-00C04F79EFBC}") = "Hello", "Hello\Hello.csproj", "{21FEF18F-2AD3-45E9-8CD1-FCE5CB90F4CC}"
EndProject
Global
	GlobalSection(SolutionConfigurationPlatforms) = preSolution
		Debug|Any CPU = Debug|Any CPU
		Release|Any CPU = Release|Any CPU
	EndGlobalSection
	GlobalSection(ProjectConfigurationPlatforms) = postSolution
		{21FEF18F-2AD3-45E9-8CD1-FCE5CB90F4CC}.Debug|Any CPU.ActiveCfg = Debug|Any CPU
		{21FEF18F-2AD3-45E9-8CD1-FCE5CB90F4CC}.Debug|Any CPU.Build.0 = Debug|Any CPU
		{21FEF18F-2AD3-45E9-8CD1-FCE5CB90F4CC}.Release|Any CPU.ActiveCfg = Release|Any CPU
		{21FEF18F-2AD3-45E9-8CD1-FCE5CB90F4CC}.Release|Any CPU.Build.0 = Release|Any CPU
	EndGlobalSection
	GlobalSection(SolutionProperties) = preSolution
		HideSolutionNode = FALSE
	EndGlobalSection
	GlobalSection(ExtensibilityGlobals) = postSolution
		SolutionGuid = {66EC33C1-16E8-4CE5-8ACB-EC661997214A}
	EndGlobalSection
EndGlobal
