
Microsoft Visual Studio Solution File, Format Version 12.00
# Visual Studio Version 16
VisualStudioVersion = 16.0.31729.503
MinimumVisualStudioVersion = 10.0.40219.1
Project("{9A19103F-16F7-4668-BE54-9A1E7A4F7556}") = "UnitTest_Mock", "UnitTest_Mock\UnitTest_Mock.csproj", "{BC75DCA6-9635-4757-B7A8-CA5AF21CE505}"
EndProject
Project("{FAE04EC0-301F-11D3-BF4B-00C04F79EFBC}") = "Testing", "Testing\Testing.csproj", "{DFCFDDD4-246C-4768-8ADA-EFF2E24FADFC}"
EndProject
Global
	GlobalSection(SolutionConfigurationPlatforms) = preSolution
		Debug|Any CPU = Debug|Any CPU
		Release|Any CPU = Release|Any CPU
	EndGlobalSection
	GlobalSection(ProjectConfigurationPlatforms) = postSolution
		{BC75DCA6-9635-4757-B7A8-CA5AF21CE505}.Debug|Any CPU.ActiveCfg = Debug|Any CPU
		{BC75DCA6-9635-4757-B7A8-CA5AF21CE505}.Debug|Any CPU.Build.0 = Debug|Any CPU
		{BC75DCA6-9635-4757-B7A8-CA5AF21CE505}.Release|Any CPU.ActiveCfg = Release|Any CPU
		{BC75DCA6-9635-4757-B7A8-CA5AF21CE505}.Release|Any CPU.Build.0 = Release|Any CPU
		{DFCFDDD4-246C-4768-8ADA-EFF2E24FADFC}.Debug|Any CPU.ActiveCfg = Debug|Any CPU
		{DFCFDDD4-246C-4768-8ADA-EFF2E24FADFC}.Debug|Any CPU.Build.0 = Debug|Any CPU
		{DFCFDDD4-246C-4768-8ADA-EFF2E24FADFC}.Release|Any CPU.ActiveCfg = Release|Any CPU
		{DFCFDDD4-246C-4768-8ADA-EFF2E24FADFC}.Release|Any CPU.Build.0 = Release|Any CPU
	EndGlobalSection
	GlobalSection(SolutionProperties) = preSolution
		HideSolutionNode = FALSE
	EndGlobalSection
	GlobalSection(ExtensibilityGlobals) = postSolution
		SolutionGuid = {02C0D85B-7D2E-4AF6-B8B9-2DA3C679E934}
	EndGlobalSection
EndGlobal
